// !$*UTF8*$!
{
	archiveVersion = 1;
	classes = {
	};
	objectVersion = 46;
	objects = {

/* Begin PBXBuildFile section */
		FD1AE3DB1D0FB1C50020B28D /* AppDelegate.swift in Sources */ = {isa = PBXBuildFile; fileRef = FD1AE3DA1D0FB1C50020B28D /* AppDelegate.swift */; };
		FD1AE3DD1D0FB1C50020B28D /* ViewController.swift in Sources */ = {isa = PBXBuildFile; fileRef = FD1AE3DC1D0FB1C50020B28D /* ViewController.swift */; };
		FD1AE3E01D0FB1C50020B28D /* Main.storyboard in Resources */ = {isa = PBXBuildFile; fileRef = FD1AE3DE1D0FB1C50020B28D /* Main.storyboard */; };
		FD1AE3E21D0FB1C50020B28D /* Assets.xcassets in Resources */ = {isa = PBXBuildFile; fileRef = FD1AE3E11D0FB1C50020B28D /* Assets.xcassets */; };
		FD1AE3E51D0FB1C50020B28D /* LaunchScreen.storyboard in Resources */ = {isa = PBXBuildFile; fileRef = FD1AE3E31D0FB1C50020B28D /* LaunchScreen.storyboard */; };
		FD1F5BED1D104D1400D687F7 /* DragImg.swift in Sources */ = {isa = PBXBuildFile; fileRef = FD1F5BEC1D104D1400D687F7 /* DragImg.swift */; };
		FD1F5BEF1D1057AE00D687F7 /* MonsterImg.swift in Sources */ = {isa = PBXBuildFile; fileRef = FD1F5BEE1D1057AE00D687F7 /* MonsterImg.swift */; };
		FD1F5BF51D11112700D687F7 /* bite.wav in Resources */ = {isa = PBXBuildFile; fileRef = FD1F5BF01D11112700D687F7 /* bite.wav */; };
		FD1F5BF61D11112700D687F7 /* cave-music.mp3 in Resources */ = {isa = PBXBuildFile; fileRef = FD1F5BF11D11112700D687F7 /* cave-music.mp3 */; };
		FD1F5BF71D11112700D687F7 /* death.wav in Resources */ = {isa = PBXBuildFile; fileRef = FD1F5BF21D11112700D687F7 /* death.wav */; };
		FD1F5BF81D11112700D687F7 /* heart.wav in Resources */ = {isa = PBXBuildFile; fileRef = FD1F5BF31D11112700D687F7 /* heart.wav */; };
		FD1F5BF91D11112700D687F7 /* skull.wav in Resources */ = {isa = PBXBuildFile; fileRef = FD1F5BF41D11112700D687F7 /* skull.wav */; };
/* End PBXBuildFile section */

/* Begin PBXFileReference section */
		FD1AE3D71D0FB1C50020B28D /* mylittlemonster.app */ = {isa = PBXFileReference; explicitFileType = wrapper.application; includeInIndex = 0; path = mylittlemonster.app; sourceTree = BUILT_PRODUCTS_DIR; };
		FD1AE3DA1D0FB1C50020B28D /* AppDelegate.swift */ = {isa = PBXFileReference; lastKnownFileType = sourcecode.swift; path = AppDelegate.swift; sourceTree = "<group>"; };
		FD1AE3DC1D0FB1C50020B28D /* ViewController.swift */ = {isa = PBXFileReference; lastKnownFileType = sourcecode.swift; path = ViewController.swift; sourceTree = "<group>"; };
		FD1AE3DF1D0FB1C50020B28D /* Base */ = {isa = PBXFileReference; lastKnownFileType = file.storyboard; name = Base; path = Base.lproj/Main.storyboard; sourceTree = "<group>"; };
		FD1AE3E11D0FB1C50020B28D /* Assets.xcassets */ = {isa = PBXFileReference; lastKnownFileType = folder.assetcatalog; path = Assets.xcassets; sourceTree = "<group>"; };
		FD1AE3E41D0FB1C50020B28D /* Base */ = {isa = PBXFileReference; lastKnownFileType = file.storyboard; name = Base; path = Base.lproj/LaunchScreen.storyboard; sourceTree = "<group>"; };
		FD1AE3E61D0FB1C50020B28D /* Info.plist */ = {isa = PBXFileReference; lastKnownFileType = text.plist.xml; path = Info.plist; sourceTree = "<group>"; };
		FD1F5BEC1D104D1400D687F7 /* DragImg.swift */ = {isa = PBXFileReference; fileEncoding = 4; lastKnownFileType = sourcecode.swift; path = DragImg.swift; sourceTree = "<group>"; };
		FD1F5BEE1D1057AE00D687F7 /* MonsterImg.swift */ = {isa = PBXFileReference; fileEncoding = 4; lastKnownFileType = sourcecode.swift; path = MonsterImg.swift; sourceTree = "<group>"; };
		FD1F5BF01D11112700D687F7 /* bite.wav */ = {isa = PBXFileReference; lastKnownFileType = audio.wav; path = bite.wav; sourceTree = "<group>"; };
		FD1F5BF11D11112700D687F7 /* cave-music.mp3 */ = {isa = PBXFileReference; lastKnownFileType = audio.mp3; path = "cave-music.mp3"; sourceTree = "<group>"; };
		FD1F5BF21D11112700D687F7 /* death.wav */ = {isa = PBXFileReference; lastKnownFileType = audio.wav; path = death.wav; sourceTree = "<group>"; };
		FD1F5BF31D11112700D687F7 /* heart.wav */ = {isa = PBXFileReference; lastKnownFileType = audio.wav; path = heart.wav; sourceTree = "<group>"; };
		FD1F5BF41D11112700D687F7 /* skull.wav */ = {isa = PBXFileReference; lastKnownFileType = audio.wav; path = skull.wav; sourceTree = "<group>"; };
/* End PBXFileReference section */

/* Begin PBXFrameworksBuildPhase section */
		FD1AE3D41D0FB1C50020B28D /* Frameworks */ = {
			isa = PBXFrameworksBuildPhase;
			buildActionMask = 2147483647;
			files = (
			);
			runOnlyForDeploymentPostprocessing = 0;
		};
/* End PBXFrameworksBuildPhase section */

/* Begin PBXGroup section */
		FD1AE3CE1D0FB1C50020B28D = {
			isa = PBXGroup;
			children = (
				FD1AE3D91D0FB1C50020B28D /* mylittlemonster */,
				FD1AE3D81D0FB1C50020B28D /* Products */,
			);
			sourceTree = "<group>";
		};
		FD1AE3D81D0FB1C50020B28D /* Products */ = {
			isa = PBXGroup;
			children = (
				FD1AE3D71D0FB1C50020B28D /* mylittlemonster.app */,
			);
			name = Products;
			sourceTree = "<group>";
		};
		FD1AE3D91D0FB1C50020B28D /* mylittlemonster */ = {
			isa = PBXGroup;
			children = (
				FD1F5BF01D11112700D687F7 /* bite.wav */,
				FD1F5BF11D11112700D687F7 /* cave-music.mp3 */,
				FD1F5BF21D11112700D687F7 /* death.wav */,
				FD1F5BF31D11112700D687F7 /* heart.wav */,
				FD1F5BF41D11112700D687F7 /* skull.wav */,
				FD1AE3DA1D0FB1C50020B28D /* AppDelegate.swift */,
				FD1AE3DC1D0FB1C50020B28D /* ViewController.swift */,
				FD1AE3DE1D0FB1C50020B28D /* Main.storyboard */,
				FD1AE3E11D0FB1C50020B28D /* Assets.xcassets */,
				FD1AE3E31D0FB1C50020B28D /* LaunchScreen.storyboard */,
				FD1AE3E61D0FB1C50020B28D /* Info.plist */,
				FD1F5BEC1D104D1400D687F7 /* DragImg.swift */,
				FD1F5BEE1D1057AE00D687F7 /* MonsterImg.swift */,
			);
			path = mylittlemonster;
			sourceTree = "<group>";
		};
/* End PBXGroup section */

/* Begin PBXNativeTarget section */
		FD1AE3D61D0FB1C50020B28D /* mylittlemonster */ = {
			isa = PBXNativeTarget;
			buildConfigurationList = FD1AE3E91D0FB1C50020B28D /* Build configuration list for PBXNativeTarget "mylittlemonster" */;
			buildPhases = (
				FD1AE3D31D0FB1C50020B28D /* Sources */,
				FD1AE3D41D0FB1C50020B28D /* Frameworks */,
				FD1AE3D51D0FB1C50020B28D /* Resources */,
			);
			buildRules = (
			);
			dependencies = (
			);
			name = mylittlemonster;
			productName = mylittlemonster;
			productReference = FD1AE3D71D0FB1C50020B28D /* mylittlemonster.app */;
			productType = "com.apple.product-type.application";
		};
/* End PBXNativeTarget section */

/* Begin PBXProject section */
		FD1AE3CF1D0FB1C50020B28D /* Project object */ = {
			isa = PBXProject;
			attributes = {
				LastSwiftUpdateCheck = 0730;
				LastUpgradeCheck = 0730;
				ORGANIZATIONNAME = "JuanPa Villa";
				TargetAttributes = {
					FD1AE3D61D0FB1C50020B28D = {
						CreatedOnToolsVersion = 7.3.1;
						DevelopmentTeam = L989NBC27U;
					};
				};
			};
			buildConfigurationList = FD1AE3D21D0FB1C50020B28D /* Build configuration list for PBXProject "mylittlemonster" */;
			compatibilityVersion = "Xcode 3.2";
			developmentRegion = English;
			hasScannedForEncodings = 0;
			knownRegions = (
				en,
				Base,
			);
			mainGroup = FD1AE3CE1D0FB1C50020B28D;
			productRefGroup = FD1AE3D81D0FB1C50020B28D /* Products */;
			projectDirPath = "";
			projectRoot = "";
			targets = (
				FD1AE3D61D0FB1C50020B28D /* mylittlemonster */,
			);
		};
/* End PBXProject section */

/* Begin PBXResourcesBuildPhase section */
		FD1AE3D51D0FB1C50020B28D /* Resources */ = {
			isa = PBXResourcesBuildPhase;
			buildActionMask = 2147483647;
			files = (
				FD1F5BF91D11112700D687F7 /* skull.wav in Resources */,
				FD1F5BF51D11112700D687F7 /* bite.wav in Resources */,
				FD1F5BF71D11112700D687F7 /* death.wav in Resources */,
				FD1F5BF81D11112700D687F7 /* heart.wav in Resources */,
				FD1F5BF61D11112700D687F7 /* cave-music.mp3 in Resources */,
				FD1AE3E51D0FB1C50020B28D /* LaunchScreen.storyboard in Resources */,
				FD1AE3E21D0FB1C50020B28D /* Assets.xcassets in Resources */,
				FD1AE3E01D0FB1C50020B28D /* Main.storyboard in Resources */,
			);
			runOnlyForDeploymentPostprocessing = 0;
		};
/* End PBXResourcesBuildPhase section */

/* Begin PBXSourcesBuildPhase section */
		FD1AE3D31D0FB1C50020B28D /* Sources */ = {
			isa = PBXSourcesBuildPhase;
			buildActionMask = 2147483647;
			files = (
				FD1F5BEF1D1057AE00D687F7 /* MonsterImg.swift in Sources */,
				FD1F5BED1D104D1400D687F7 /* DragImg.swift in Sources */,
				FD1AE3DD1D0FB1C50020B28D /* ViewController.swift in Sources */,
				FD1AE3DB1D0FB1C50020B28D /* AppDelegate.swift in Sources */,
			);
			runOnlyForDeploymentPostprocessing = 0;
		};
/* End PBXSourcesBuildPhase section */

/* Begin PBXVariantGroup section */
		FD1AE3DE1D0FB1C50020B28D /* Main.storyboard */ = {
			isa = PBXVariantGroup;
			children = (
				FD1AE3DF1D0FB1C50020B28D /* Base */,
			);
			name = Main.storyboard;
			sourceTree = "<group>";
		};
		FD1AE3E31D0FB1C50020B28D /* LaunchScreen.storyboard */ = {
			isa = PBXVariantGroup;
			children = (
				FD1AE3E41D0FB1C50020B28D /* Base */,
			);
			name = LaunchScreen.storyboard;
			sourceTree = "<group>";
		};
/* End PBXVariantGroup section */

/* Begin XCBuildConfiguration section */
		FD1AE3E71D0FB1C50020B28D /* Debug */ = {
			isa = XCBuildConfiguration;
			buildSettings = {
				ALWAYS_SEARCH_USER_PATHS = NO;
				CLANG_ANALYZER_NONNULL = YES;
				CLANG_CXX_LANGUAGE_STANDARD = "gnu++0x";
				CLANG_CXX_LIBRARY = "libc++";
				CLANG_ENABLE_MODULES = YES;
				CLANG_ENABLE_OBJC_ARC = YES;
				CLANG_WARN_BOOL_CONVERSION = YES;
				CLANG_WARN_CONSTANT_CONVERSION = YES;
				CLANG_WARN_DIRECT_OBJC_ISA_USAGE = YES_ERROR;
				CLANG_WARN_EMPTY_BODY = YES;
				CLANG_WARN_ENUM_CONVERSION = YES;
				CLANG_WARN_INT_CONVERSION = YES;
				CLANG_WARN_OBJC_ROOT_CLASS = YES_ERROR;
				CLANG_WARN_UNREACHABLE_CODE = YES;
				CLANG_WARN__DUPLICATE_METHOD_MATCH = YES;
				"CODE_SIGN_IDENTITY[sdk=iphoneos*]" = "iPhone Developer";
				COPY_PHASE_STRIP = NO;
				DEBUG_INFORMATION_FORMAT = dwarf;
				ENABLE_STRICT_OBJC_MSGSEND = YES;
				ENABLE_TESTABILITY = YES;
				GCC_C_LANGUAGE_STANDARD = gnu99;
				GCC_DYNAMIC_NO_PIC = NO;
				GCC_NO_COMMON_BLOCKS = YES;
				GCC_OPTIMIZATION_LEVEL = 0;
				GCC_PREPROCESSOR_DEFINITIONS = (
					"DEBUG=1",
					"$(inherited)",
				);
				GCC_WARN_64_TO_32_BIT_CONVERSION = YES;
				GCC_WARN_ABOUT_RETURN_TYPE = YES_ERROR;
				GCC_WARN_UNDECLARED_SELECTOR = YES;
				GCC_WARN_UNINITIALIZED_AUTOS = YES_AGGRESSIVE;
				GCC_WARN_UNUSED_FUNCTION = YES;
				GCC_WARN_UNUSED_VARIABLE = YES;
				IPHONEOS_DEPLOYMENT_TARGET = 9.3;
				MTL_ENABLE_DEBUG_INFO = YES;
				ONLY_ACTIVE_ARCH = YES;
				SDKROOT = iphoneos;
				SWIFT_OPTIMIZATION_LEVEL = "-Onone";
			};
			name = Debug;
		};
		FD1AE3E81D0FB1C50020B28D /* Release */ = {
			isa = XCBuildConfiguration;
			buildSettings = {
				ALWAYS_SEARCH_USER_PATHS = NO;
				CLANG_ANALYZER_NONNULL = YES;
				CLANG_CXX_LANGUAGE_STANDARD = "gnu++0x";
				CLANG_CXX_LIBRARY = "libc++";
				CLANG_ENABLE_MODULES = YES;
				CLANG_ENABLE_OBJC_ARC = YES;
				CLANG_WARN_BOOL_CONVERSION = YES;
				CLANG_WARN_CONSTANT_CONVERSION = YES;
				CLANG_WARN_DIRECT_OBJC_ISA_USAGE = YES_ERROR;
				CLANG_WARN_EMPTY_BODY = YES;
				CLANG_WARN_ENUM_CONVERSION = YES;
				CLANG_WARN_INT_CONVERSION = YES;
				CLANG_WARN_OBJC_ROOT_CLASS = YES_ERROR;
				CLANG_WARN_UNREACHABLE_CODE = YES;
				CLANG_WARN__DUPLICATE_METHOD_MATCH = YES;
				"CODE_SIGN_IDENTITY[sdk=iphoneos*]" = "iPhone Developer";
				COPY_PHASE_STRIP = NO;
				DEBUG_INFORMATION_FORMAT = "dwarf-with-dsym";
				ENABLE_NS_ASSERTIONS = NO;
				ENABLE_STRICT_OBJC_MSGSEND = YES;
				GCC_C_LANGUAGE_STANDARD = gnu99;
				GCC_NO_COMMON_BLOCKS = YES;
				GCC_WARN_64_TO_32_BIT_CONVERSION = YES;
				GCC_WARN_ABOUT_RETURN_TYPE = YES_ERROR;
				GCC_WARN_UNDECLARED_SELECTOR = YES;
				GCC_WARN_UNINITIALIZED_AUTOS = YES_AGGRESSIVE;
				GCC_WARN_UNUSED_FUNCTION = YES;
				GCC_WARN_UNUSED_VARIABLE = YES;
				IPHONEOS_DEPLOYMENT_TARGET = 9.3;
				MTL_ENABLE_DEBUG_INFO = NO;
				SDKROOT = iphoneos;
				VALIDATE_PRODUCT = YES;
			};
			name = Release;
		};
		FD1AE3EA1D0FB1C50020B28D /* Debug */ = {
			isa = XCBuildConfiguration;
			buildSettings = {
				ASSETCATALOG_COMPILER_APPICON_NAME = AppIcon;
				INFOPLIST_FILE = mylittlemonster/Info.plist;
				LD_RUNPATH_SEARCH_PATHS = "$(inherited) @executable_path/Frameworks";
				PRODUCT_BUNDLE_IDENTIFIER = com.jptestings.mylittlemonster;
				PRODUCT_NAME = "$(TARGET_NAME)";
			};
			name = Debug;
		};
		FD1AE3EB1D0FB1C50020B28D /* Release */ = {
			isa = XCBuildConfiguration;
			buildSettings = {
				ASSETCATALOG_COMPILER_APPICON_NAME = AppIcon;
				INFOPLIST_FILE = mylittlemonster/Info.plist;
				LD_RUNPATH_SEARCH_PATHS = "$(inherited) @executable_path/Frameworks";
				PRODUCT_BUNDLE_IDENTIFIER = com.jptestings.mylittlemonster;
				PRODUCT_NAME = "$(TARGET_NAME)";
			};
			name = Release;
		};
/* End XCBuildConfiguration section */

/* Begin XCConfigurationList section */
		FD1AE3D21D0FB1C50020B28D /* Build configuration list for PBXProject "mylittlemonster" */ = {
			isa = XCConfigurationList;
			buildConfigurations = (
				FD1AE3E71D0FB1C50020B28D /* Debug */,
				FD1AE3E81D0FB1C50020B28D /* Release */,
			);
			defaultConfigurationIsVisible = 0;
			defaultConfigurationName = Release;
		};
		FD1AE3E91D0FB1C50020B28D /* Build configuration list for PBXNativeTarget "mylittlemonster" */ = {
			isa = XCConfigurationList;
			buildConfigurations = (
				FD1AE3EA1D0FB1C50020B28D /* Debug */,
				FD1AE3EB1D0FB1C50020B28D /* Release */,
			);
			defaultConfigurationIsVisible = 0;
			defaultConfigurationName = Release;
		};
/* End XCConfigurationList section */
	};
	rootObject = FD1AE3CF1D0FB1C50020B28D /* Project object */;
}
